// !$*UTF8*$!
{
	archiveVersion = 1;
	classes = {
	};
	objectVersion = 50;
	objects = {

/* Begin PBXBuildFile section */
		C3E6402F263B34F800CF4AA7 /* HelloWordApp.swift in Sources */ = {isa = PBXBuildFile; fileRef = C3E6402E263B34F800CF4AA7 /* HelloWordApp.swift */; };
		C3E64031263B34F800CF4AA7 /* ContentView.swift in Sources */ = {isa = PBXBuildFile; fileRef = C3E64030263B34F800CF4AA7 /* ContentView.swift */; };
		C3E64033263B34FA00CF4AA7 /* Assets.xcassets in Resources */ = {isa = PBXBuildFile; fileRef = C3E64032263B34FA00CF4AA7 /* Assets.xcassets */; };
		C3E64036263B34FA00CF4AA7 /* Preview Assets.xcassets in Resources */ = {isa = PBXBuildFile; fileRef = C3E64035263B34FA00CF4AA7 /* Preview Assets.xcassets */; };
		C3E64041263B34FA00CF4AA7 /* HelloWordTests.swift in Sources */ = {isa = PBXBuildFile; fileRef = C3E64040263B34FA00CF4AA7 /* HelloWordTests.swift */; };
		C3E6404C263B34FA00CF4AA7 /* HelloWordUITests.swift in Sources */ = {isa = PBXBuildFile; fileRef = C3E6404B263B34FA00CF4AA7 /* HelloWordUITests.swift */; };
/* End PBXBuildFile section */

/* Begin PBXContainerItemProxy section */
		C3E6403D263B34FA00CF4AA7 /* PBXContainerItemProxy */ = {
			isa = PBXContainerItemProxy;
			containerPortal = C3E64023263B34F800CF4AA7 /* Project object */;
			proxyType = 1;
			remoteGlobalIDString = C3E6402A263B34F800CF4AA7;
			remoteInfo = HelloWord;
		};
		C3E64048263B34FA00CF4AA7 /* PBXContainerItemProxy */ = {
			isa = PBXContainerItemProxy;
			containerPortal = C3E64023263B34F800CF4AA7 /* Project object */;
			proxyType = 1;
			remoteGlobalIDString = C3E6402A263B34F800CF4AA7;
			remoteInfo = HelloWord;
		};
/* End PBXContainerItemProxy section */

/* Begin PBXFileReference section */
		C3E6402B263B34F800CF4AA7 /* HelloWord.app */ = {isa = PBXFileReference; explicitFileType = wrapper.application; includeInIndex = 0; path = HelloWord.app; sourceTree = BUILT_PRODUCTS_DIR; };
		C3E6402E263B34F800CF4AA7 /* HelloWordApp.swift */ = {isa = PBXFileReference; lastKnownFileType = sourcecode.swift; path = HelloWordApp.swift; sourceTree = "<group>"; };
		C3E64030263B34F800CF4AA7 /* ContentView.swift */ = {isa = PBXFileReference; lastKnownFileType = sourcecode.swift; path = ContentView.swift; sourceTree = "<group>"; };
		C3E64032263B34FA00CF4AA7 /* Assets.xcassets */ = {isa = PBXFileReference; lastKnownFileType = folder.assetcatalog; path = Assets.xcassets; sourceTree = "<group>"; };
		C3E64035263B34FA00CF4AA7 /* Preview Assets.xcassets */ = {isa = PBXFileReference; lastKnownFileType = folder.assetcatalog; path = "Preview Assets.xcassets"; sourceTree = "<group>"; };
		C3E64037263B34FA00CF4AA7 /* Info.plist */ = {isa = PBXFileReference; lastKnownFileType = text.plist.xml; path = Info.plist; sourceTree = "<group>"; };
		C3E6403C263B34FA00CF4AA7 /* HelloWordTests.xctest */ = {isa = PBXFileReference; explicitFileType = wrapper.cfbundle; includeInIndex = 0; path = HelloWordTests.xctest; sourceTree = BUILT_PRODUCTS_DIR; };
		C3E64040263B34FA00CF4AA7 /* HelloWordTests.swift */ = {isa = PBXFileReference; lastKnownFileType = sourcecode.swift; path = HelloWordTests.swift; sourceTree = "<group>"; };
		C3E64042263B34FA00CF4AA7 /* Info.plist */ = {isa = PBXFileReference; lastKnownFileType = text.plist.xml; path = Info.plist; sourceTree = "<group>"; };
		C3E64047263B34FA00CF4AA7 /* HelloWordUITests.xctest */ = {isa = PBXFileReference; explicitFileType = wrapper.cfbundle; includeInIndex = 0; path = HelloWordUITests.xctest; sourceTree = BUILT_PRODUCTS_DIR; };
		C3E6404B263B34FA00CF4AA7 /* HelloWordUITests.swift */ = {isa = PBXFileReference; lastKnownFileType = sourcecode.swift; path = HelloWordUITests.swift; sourceTree = "<group>"; };
		C3E6404D263B34FA00CF4AA7 /* Info.plist */ = {isa = PBXFileReference; lastKnownFileType = text.plist.xml; path = Info.plist; sourceTree = "<group>"; };
/* End PBXFileReference section */

/* Begin PBXFrameworksBuildPhase section */
		C3E64028263B34F800CF4AA7 /* Frameworks */ = {
			isa = PBXFrameworksBuildPhase;
			buildActionMask = 2147483647;
			files = (
			);
			runOnlyForDeploymentPostprocessing = 0;
		};
		C3E64039263B34FA00CF4AA7 /* Frameworks */ = {
			isa = PBXFrameworksBuildPhase;
			buildActionMask = 2147483647;
			files = (
			);
			runOnlyForDeploymentPostprocessing = 0;
		};
		C3E64044263B34FA00CF4AA7 /* Frameworks */ = {
			isa = PBXFrameworksBuildPhase;
			buildActionMask = 2147483647;
			files = (
			);
			runOnlyForDeploymentPostprocessing = 0;
		};
/* End PBXFrameworksBuildPhase section */

/* Begin PBXGroup section */
		C3E64022263B34F800CF4AA7 = {
			isa = PBXGroup;
			children = (
				C3E6402D263B34F800CF4AA7 /* HelloWord */,
				C3E6403F263B34FA00CF4AA7 /* HelloWordTests */,
				C3E6404A263B34FA00CF4AA7 /* HelloWordUITests */,
				C3E6402C263B34F800CF4AA7 /* Products */,
			);
			sourceTree = "<group>";
		};
		C3E6402C263B34F800CF4AA7 /* Products */ = {
			isa = PBXGroup;
			children = (
				C3E6402B263B34F800CF4AA7 /* HelloWord.app */,
				C3E6403C263B34FA00CF4AA7 /* HelloWordTests.xctest */,
				C3E64047263B34FA00CF4AA7 /* HelloWordUITests.xctest */,
			);
			name = Products;
			sourceTree = "<group>";
		};
		C3E6402D263B34F800CF4AA7 /* HelloWord */ = {
			isa = PBXGroup;
			children = (
				C3E6402E263B34F800CF4AA7 /* HelloWordApp.swift */,
				C3E64030263B34F800CF4AA7 /* ContentView.swift */,
				C3E64032263B34FA00CF4AA7 /* Assets.xcassets */,
				C3E64037263B34FA00CF4AA7 /* Info.plist */,
				C3E64034263B34FA00CF4AA7 /* Preview Content */,
			);
			path = HelloWord;
			sourceTree = "<group>";
		};
		C3E64034263B34FA00CF4AA7 /* Preview Content */ = {
			isa = PBXGroup;
			children = (
				C3E64035263B34FA00CF4AA7 /* Preview Assets.xcassets */,
			);
			path = "Preview Content";
			sourceTree = "<group>";
		};
		C3E6403F263B34FA00CF4AA7 /* HelloWordTests */ = {
			isa = PBXGroup;
			children = (
				C3E64040263B34FA00CF4AA7 /* HelloWordTests.swift */,
				C3E64042263B34FA00CF4AA7 /* Info.plist */,
			);
			path = HelloWordTests;
			sourceTree = "<group>";
		};
		C3E6404A263B34FA00CF4AA7 /* HelloWordUITests */ = {
			isa = PBXGroup;
			children = (
				C3E6404B263B34FA00CF4AA7 /* HelloWordUITests.swift */,
				C3E6404D263B34FA00CF4AA7 /* Info.plist */,
			);
			path = HelloWordUITests;
			sourceTree = "<group>";
		};
/* End PBXGroup section */

/* Begin PBXNativeTarget section */
		C3E6402A263B34F800CF4AA7 /* HelloWord */ = {
			isa = PBXNativeTarget;
			buildConfigurationList = C3E64050263B34FA00CF4AA7 /* Build configuration list for PBXNativeTarget "HelloWord" */;
			buildPhases = (
				C3E64027263B34F800CF4AA7 /* Sources */,
				C3E64028263B34F800CF4AA7 /* Frameworks */,
				C3E64029263B34F800CF4AA7 /* Resources */,
			);
			buildRules = (
			);
			dependencies = (
			);
			name = HelloWord;
			productName = HelloWord;
			productReference = C3E6402B263B34F800CF4AA7 /* HelloWord.app */;
			productType = "com.apple.product-type.application";
		};
		C3E6403B263B34FA00CF4AA7 /* HelloWordTests */ = {
			isa = PBXNativeTarget;
			buildConfigurationList = C3E64053263B34FA00CF4AA7 /* Build configuration list for PBXNativeTarget "HelloWordTests" */;
			buildPhases = (
				C3E64038263B34FA00CF4AA7 /* Sources */,
				C3E64039263B34FA00CF4AA7 /* Frameworks */,
				C3E6403A263B34FA00CF4AA7 /* Resources */,
			);
			buildRules = (
			);
			dependencies = (
				C3E6403E263B34FA00CF4AA7 /* PBXTargetDependency */,
			);
			name = HelloWordTests;
			productName = HelloWordTests;
			productReference = C3E6403C263B34FA00CF4AA7 /* HelloWordTests.xctest */;
			productType = "com.apple.product-type.bundle.unit-test";
		};
		C3E64046263B34FA00CF4AA7 /* HelloWordUITests */ = {
			isa = PBXNativeTarget;
			buildConfigurationList = C3E64056263B34FA00CF4AA7 /* Build configuration list for PBXNativeTarget "HelloWordUITests" */;
			buildPhases = (
				C3E64043263B34FA00CF4AA7 /* Sources */,
				C3E64044263B34FA00CF4AA7 /* Frameworks */,
				C3E64045263B34FA00CF4AA7 /* Resources */,
			);
			buildRules = (
			);
			dependencies = (
				C3E64049263B34FA00CF4AA7 /* PBXTargetDependency */,
			);
			name = HelloWordUITests;
			productName = HelloWordUITests;
			productReference = C3E64047263B34FA00CF4AA7 /* HelloWordUITests.xctest */;
			productType = "com.apple.product-type.bundle.ui-testing";
		};
/* End PBXNativeTarget section */

/* Begin PBXProject section */
		C3E64023263B34F800CF4AA7 /* Project object */ = {
			isa = PBXProject;
			attributes = {
				LastSwiftUpdateCheck = 1240;
				LastUpgradeCheck = 1240;
				TargetAttributes = {
					C3E6402A263B34F800CF4AA7 = {
						CreatedOnToolsVersion = 12.4;
					};
					C3E6403B263B34FA00CF4AA7 = {
						CreatedOnToolsVersion = 12.4;
						TestTargetID = C3E6402A263B34F800CF4AA7;
					};
					C3E64046263B34FA00CF4AA7 = {
						CreatedOnToolsVersion = 12.4;
						TestTargetID = C3E6402A263B34F800CF4AA7;
					};
				};
			};
			buildConfigurationList = C3E64026263B34F800CF4AA7 /* Build configuration list for PBXProject "HelloWord" */;
			compatibilityVersion = "Xcode 9.3";
			developmentRegion = en;
			hasScannedForEncodings = 0;
			knownRegions = (
				en,
				Base,
			);
			mainGroup = C3E64022263B34F800CF4AA7;
			productRefGroup = C3E6402C263B34F800CF4AA7 /* Products */;
			projectDirPath = "";
			projectRoot = "";
			targets = (
				C3E6402A263B34F800CF4AA7 /* HelloWord */,
				C3E6403B263B34FA00CF4AA7 /* HelloWordTests */,
				C3E64046263B34FA00CF4AA7 /* HelloWordUITests */,
			);
		};
/* End PBXProject section */

/* Begin PBXResourcesBuildPhase section */
		C3E64029263B34F800CF4AA7 /* Resources */ = {
			isa = PBXResourcesBuildPhase;
			buildActionMask = 2147483647;
			files = (
				C3E64036263B34FA00CF4AA7 /* Preview Assets.xcassets in Resources */,
				C3E64033263B34FA00CF4AA7 /* Assets.xcassets in Resources */,
			);
			runOnlyForDeploymentPostprocessing = 0;
		};
		C3E6403A263B34FA00CF4AA7 /* Resources */ = {
			isa = PBXResourcesBuildPhase;
			buildActionMask = 2147483647;
			files = (
			);
			runOnlyForDeploymentPostprocessing = 0;
		};
		C3E64045263B34FA00CF4AA7 /* Resources */ = {
			isa = PBXResourcesBuildPhase;
			buildActionMask = 2147483647;
			files = (
			);
			runOnlyForDeploymentPostprocessing = 0;
		};
/* End PBXResourcesBuildPhase section */

/* Begin PBXSourcesBuildPhase section */
		C3E64027263B34F800CF4AA7 /* Sources */ = {
			isa = PBXSourcesBuildPhase;
			buildActionMask = 2147483647;
			files = (
				C3E64031263B34F800CF4AA7 /* ContentView.swift in Sources */,
				C3E6402F263B34F800CF4AA7 /* HelloWordApp.swift in Sources */,
			);
			runOnlyForDeploymentPostprocessing = 0;
		};
		C3E64038263B34FA00CF4AA7 /* Sources */ = {
			isa = PBXSourcesBuildPhase;
			buildActionMask = 2147483647;
			files = (
				C3E64041263B34FA00CF4AA7 /* HelloWordTests.swift in Sources */,
			);
			runOnlyForDeploymentPostprocessing = 0;
		};
		C3E64043263B34FA00CF4AA7 /* Sources */ = {
			isa = PBXSourcesBuildPhase;
			buildActionMask = 2147483647;
			files = (
				C3E6404C263B34FA00CF4AA7 /* HelloWordUITests.swift in Sources */,
			);
			runOnlyForDeploymentPostprocessing = 0;
		};
/* End PBXSourcesBuildPhase section */

/* Begin PBXTargetDependency section */
		C3E6403E263B34FA00CF4AA7 /* PBXTargetDependency */ = {
			isa = PBXTargetDependency;
			target = C3E6402A263B34F800CF4AA7 /* HelloWord */;
			targetProxy = C3E6403D263B34FA00CF4AA7 /* PBXContainerItemProxy */;
		};
		C3E64049263B34FA00CF4AA7 /* PBXTargetDependency */ = {
			isa = PBXTargetDependency;
			target = C3E6402A263B34F800CF4AA7 /* HelloWord */;
			targetProxy = C3E64048263B34FA00CF4AA7 /* PBXContainerItemProxy */;
		};
/* End PBXTargetDependency section */

/* Begin XCBuildConfiguration section */
		C3E6404E263B34FA00CF4AA7 /* Debug */ = {
			isa = XCBuildConfiguration;
			buildSettings = {
				ALWAYS_SEARCH_USER_PATHS = NO;
				CLANG_ANALYZER_NONNULL = YES;
				CLANG_ANALYZER_NUMBER_OBJECT_CONVERSION = YES_AGGRESSIVE;
				CLANG_CXX_LANGUAGE_STANDARD = "gnu++14";
				CLANG_CXX_LIBRARY = "libc++";
				CLANG_ENABLE_MODULES = YES;
				CLANG_ENABLE_OBJC_ARC = YES;
				CLANG_ENABLE_OBJC_WEAK = YES;
				CLANG_WARN_BLOCK_CAPTURE_AUTORELEASING = YES;
				CLANG_WARN_BOOL_CONVERSION = YES;
				CLANG_WARN_COMMA = YES;
				CLANG_WARN_CONSTANT_CONVERSION = YES;
				CLANG_WARN_DEPRECATED_OBJC_IMPLEMENTATIONS = YES;
				CLANG_WARN_DIRECT_OBJC_ISA_USAGE = YES_ERROR;
				CLANG_WARN_DOCUMENTATION_COMMENTS = YES;
				CLANG_WARN_EMPTY_BODY = YES;
				CLANG_WARN_ENUM_CONVERSION = YES;
				CLANG_WARN_INFINITE_RECURSION = YES;
				CLANG_WARN_INT_CONVERSION = YES;
				CLANG_WARN_NON_LITERAL_NULL_CONVERSION = YES;
				CLANG_WARN_OBJC_IMPLICIT_RETAIN_SELF = YES;
				CLANG_WARN_OBJC_LITERAL_CONVERSION = YES;
				CLANG_WARN_OBJC_ROOT_CLASS = YES_ERROR;
				CLANG_WARN_QUOTED_INCLUDE_IN_FRAMEWORK_HEADER = YES;
				CLANG_WARN_RANGE_LOOP_ANALYSIS = YES;
				CLANG_WARN_STRICT_PROTOTYPES = YES;
				CLANG_WARN_SUSPICIOUS_MOVE = YES;
				CLANG_WARN_UNGUARDED_AVAILABILITY = YES_AGGRESSIVE;
				CLANG_WARN_UNREACHABLE_CODE = YES;
				CLANG_WARN__DUPLICATE_METHOD_MATCH = YES;
				COPY_PHASE_STRIP = NO;
				DEBUG_INFORMATION_FORMAT = dwarf;
				ENABLE_STRICT_OBJC_MSGSEND = YES;
				ENABLE_TESTABILITY = YES;
				GCC_C_LANGUAGE_STANDARD = gnu11;
				GCC_DYNAMIC_NO_PIC = NO;
				GCC_NO_COMMON_BLOCKS = YES;
				GCC_OPTIMIZATION_LEVEL = 0;
				GCC_PREPROCESSOR_DEFINITIONS = (
					"DEBUG=1",
					"$(inherited)",
				);
				GCC_WARN_64_TO_32_BIT_CONVERSION = YES;
				GCC_WARN_ABOUT_RETURN_TYPE = YES_ERROR;
				GCC_WARN_UNDECLARED_SELECTOR = YES;
				GCC_WARN_UNINITIALIZED_AUTOS = YES_AGGRESSIVE;
				GCC_WARN_UNUSED_FUNCTION = YES;
				GCC_WARN_UNUSED_VARIABLE = YES;
				IPHONEOS_DEPLOYMENT_TARGET = 14.4;
				MTL_ENABLE_DEBUG_INFO = INCLUDE_SOURCE;
				MTL_FAST_MATH = YES;
				ONLY_ACTIVE_ARCH = YES;
				SDKROOT = iphoneos;
				SWIFT_ACTIVE_COMPILATION_CONDITIONS = DEBUG;
				SWIFT_OPTIMIZATION_LEVEL = "-Onone";
			};
			name = Debug;
		};
		C3E6404F263B34FA00CF4AA7 /* Release */ = {
			isa = XCBuildConfiguration;
			buildSettings = {
				ALWAYS_SEARCH_USER_PATHS = NO;
				CLANG_ANALYZER_NONNULL = YES;
				CLANG_ANALYZER_NUMBER_OBJECT_CONVERSION = YES_AGGRESSIVE;
				CLANG_CXX_LANGUAGE_STANDARD = "gnu++14";
				CLANG_CXX_LIBRARY = "libc++";
				CLANG_ENABLE_MODULES = YES;
				CLANG_ENABLE_OBJC_ARC = YES;
				CLANG_ENABLE_OBJC_WEAK = YES;
				CLANG_WARN_BLOCK_CAPTURE_AUTORELEASING = YES;
				CLANG_WARN_BOOL_CONVERSION = YES;
				CLANG_WARN_COMMA = YES;
				CLANG_WARN_CONSTANT_CONVERSION = YES;
				CLANG_WARN_DEPRECATED_OBJC_IMPLEMENTATIONS = YES;
				CLANG_WARN_DIRECT_OBJC_ISA_USAGE = YES_ERROR;
				CLANG_WARN_DOCUMENTATION_COMMENTS = YES;
				CLANG_WARN_EMPTY_BODY = YES;
				CLANG_WARN_ENUM_CONVERSION = YES;
				CLANG_WARN_INFINITE_RECURSION = YES;
				CLANG_WARN_INT_CONVERSION = YES;
				CLANG_WARN_NON_LITERAL_NULL_CONVERSION = YES;
				CLANG_WARN_OBJC_IMPLICIT_RETAIN_SELF = YES;
				CLANG_WARN_OBJC_LITERAL_CONVERSION = YES;
				CLANG_WARN_OBJC_ROOT_CLASS = YES_ERROR;
				CLANG_WARN_QUOTED_INCLUDE_IN_FRAMEWORK_HEADER = YES;
				CLANG_WARN_RANGE_LOOP_ANALYSIS = YES;
				CLANG_WARN_STRICT_PROTOTYPES = YES;
				CLANG_WARN_SUSPICIOUS_MOVE = YES;
				CLANG_WARN_UNGUARDED_AVAILABILITY = YES_AGGRESSIVE;
				CLANG_WARN_UNREACHABLE_CODE = YES;
				CLANG_WARN__DUPLICATE_METHOD_MATCH = YES;
				COPY_PHASE_STRIP = NO;
				DEBUG_INFORMATION_FORMAT = "dwarf-with-dsym";
				ENABLE_NS_ASSERTIONS = NO;
				ENABLE_STRICT_OBJC_MSGSEND = YES;
				GCC_C_LANGUAGE_STANDARD = gnu11;
				GCC_NO_COMMON_BLOCKS = YES;
				GCC_WARN_64_TO_32_BIT_CONVERSION = YES;
				GCC_WARN_ABOUT_RETURN_TYPE = YES_ERROR;
				GCC_WARN_UNDECLARED_SELECTOR = YES;
				GCC_WARN_UNINITIALIZED_AUTOS = YES_AGGRESSIVE;
				GCC_WARN_UNUSED_FUNCTION = YES;
				GCC_WARN_UNUSED_VARIABLE = YES;
				IPHONEOS_DEPLOYMENT_TARGET = 14.4;
				MTL_ENABLE_DEBUG_INFO = NO;
				MTL_FAST_MATH = YES;
				SDKROOT = iphoneos;
				SWIFT_COMPILATION_MODE = wholemodule;
				SWIFT_OPTIMIZATION_LEVEL = "-O";
				VALIDATE_PRODUCT = YES;
			};
			name = Release;
		};
		C3E64051263B34FA00CF4AA7 /* Debug */ = {
			isa = XCBuildConfiguration;
			buildSettings = {
				ASSETCATALOG_COMPILER_APPICON_NAME = AppIcon;
				ASSETCATALOG_COMPILER_GLOBAL_ACCENT_COLOR_NAME = AccentColor;
				CODE_SIGN_STYLE = Automatic;
				DEVELOPMENT_ASSET_PATHS = "\"HelloWord/Preview Content\"";
				DEVELOPMENT_TEAM = 4BG2W96MNL;
				ENABLE_PREVIEWS = YES;
				INFOPLIST_FILE = HelloWord/Info.plist;
				IPHONEOS_DEPLOYMENT_TARGET = 14.0;
				LD_RUNPATH_SEARCH_PATHS = (
					"$(inherited)",
					"@executable_path/Frameworks",
				);
				PRODUCT_BUNDLE_IDENTIFIER = com.codewithWalther.HelloWord;
				PRODUCT_NAME = "$(TARGET_NAME)";
				SWIFT_VERSION = 5.0;
				TARGETED_DEVICE_FAMILY = "1,2";
			};
			name = Debug;
		};
		C3E64052263B34FA00CF4AA7 /* Release */ = {
			isa = XCBuildConfiguration;
			buildSettings = {
				ASSETCATALOG_COMPILER_APPICON_NAME = AppIcon;
				ASSETCATALOG_COMPILER_GLOBAL_ACCENT_COLOR_NAME = AccentColor;
				CODE_SIGN_STYLE = Automatic;
				DEVELOPMENT_ASSET_PATHS = "\"HelloWord/Preview Content\"";
				DEVELOPMENT_TEAM = 4BG2W96MNL;
				ENABLE_PREVIEWS = YES;
				INFOPLIST_FILE = HelloWord/Info.plist;
				IPHONEOS_DEPLOYMENT_TARGET = 14.0;
				LD_RUNPATH_SEARCH_PATHS = (
					"$(inherited)",
					"@executable_path/Frameworks",
				);
				PRODUCT_BUNDLE_IDENTIFIER = com.codewithWalther.HelloWord;
				PRODUCT_NAME = "$(TARGET_NAME)";
				SWIFT_VERSION = 5.0;
				TARGETED_DEVICE_FAMILY = "1,2";
			};
			name = Release;
		};
		C3E64054263B34FA00CF4AA7 /* Debug */ = {
			isa = XCBuildConfiguration;
			buildSettings = {
				ALWAYS_EMBED_SWIFT_STANDARD_LIBRARIES = YES;
				BUNDLE_LOADER = "$(TEST_HOST)";
				CODE_SIGN_STYLE = Automatic;
				DEVELOPMENT_TEAM = 4BG2W96MNL;
				INFOPLIST_FILE = HelloWordTests/Info.plist;
				IPHONEOS_DEPLOYMENT_TARGET = 14.0;
				LD_RUNPATH_SEARCH_PATHS = (
					"$(inherited)",
					"@executable_path/Frameworks",
					"@loader_path/Frameworks",
				);
				PRODUCT_BUNDLE_IDENTIFIER = com.codewithWalther.HelloWordTests;
				PRODUCT_NAME = "$(TARGET_NAME)";
				SWIFT_VERSION = 5.0;
				TARGETED_DEVICE_FAMILY = "1,2";
				TEST_HOST = "$(BUILT_PRODUCTS_DIR)/HelloWord.app/HelloWord";
			};
			name = Debug;
		};
		C3E64055263B34FA00CF4AA7 /* Release */ = {
			isa = XCBuildConfiguration;
			buildSettings = {
				ALWAYS_EMBED_SWIFT_STANDARD_LIBRARIES = YES;
				BUNDLE_LOADER = "$(TEST_HOST)";
				CODE_SIGN_STYLE = Automatic;
				DEVELOPMENT_TEAM = 4BG2W96MNL;
				INFOPLIST_FILE = HelloWordTests/Info.plist;
				IPHONEOS_DEPLOYMENT_TARGET = 14.0;
				LD_RUNPATH_SEARCH_PATHS = (
					"$(inherited)",
					"@executable_path/Frameworks",
					"@loader_path/Frameworks",
				);
				PRODUCT_BUNDLE_IDENTIFIER = com.codewithWalther.HelloWordTests;
				PRODUCT_NAME = "$(TARGET_NAME)";
				SWIFT_VERSION = 5.0;
				TARGETED_DEVICE_FAMILY = "1,2";
				TEST_HOST = "$(BUILT_PRODUCTS_DIR)/HelloWord.app/HelloWord";
			};
			name = Release;
		};
		C3E64057263B34FA00CF4AA7 /* Debug */ = {
			isa = XCBuildConfiguration;
			buildSettings = {
				ALWAYS_EMBED_SWIFT_STANDARD_LIBRARIES = YES;
				CODE_SIGN_STYLE = Automatic;
				DEVELOPMENT_TEAM = 4BG2W96MNL;
				INFOPLIST_FILE = HelloWordUITests/Info.plist;
				LD_RUNPATH_SEARCH_PATHS = (
					"$(inherited)",
					"@executable_path/Frameworks",
					"@loader_path/Frameworks",
				);
				PRODUCT_BUNDLE_IDENTIFIER = com.codewithWalther.HelloWordUITests;
				PRODUCT_NAME = "$(TARGET_NAME)";
				SWIFT_VERSION = 5.0;
				TARGETED_DEVICE_FAMILY = "1,2";
				TEST_TARGET_NAME = HelloWord;
			};
			name = Debug;
		};
		C3E64058263B34FA00CF4AA7 /* Release */ = {
			isa = XCBuildConfiguration;
			buildSettings = {
				ALWAYS_EMBED_SWIFT_STANDARD_LIBRARIES = YES;
				CODE_SIGN_STYLE = Automatic;
				DEVELOPMENT_TEAM = 4BG2W96MNL;
				INFOPLIST_FILE = HelloWordUITests/Info.plist;
				LD_RUNPATH_SEARCH_PATHS = (
					"$(inherited)",
					"@executable_path/Frameworks",
					"@loader_path/Frameworks",
				);
				PRODUCT_BUNDLE_IDENTIFIER = com.codewithWalther.HelloWordUITests;
				PRODUCT_NAME = "$(TARGET_NAME)";
				SWIFT_VERSION = 5.0;
				TARGETED_DEVICE_FAMILY = "1,2";
				TEST_TARGET_NAME = HelloWord;
			};
			name = Release;
		};
/* End XCBuildConfiguration section */

/* Begin XCConfigurationList section */
		C3E64026263B34F800CF4AA7 /* Build configuration list for PBXProject "HelloWord" */ = {
			isa = XCConfigurationList;
			buildConfigurations = (
				C3E6404E263B34FA00CF4AA7 /* Debug */,
				C3E6404F263B34FA00CF4AA7 /* Release */,
			);
			defaultConfigurationIsVisible = 0;
			defaultConfigurationName = Release;
		};
		C3E64050263B34FA00CF4AA7 /* Build configuration list for PBXNativeTarget "HelloWord" */ = {
			isa = XCConfigurationList;
			buildConfigurations = (
				C3E64051263B34FA00CF4AA7 /* Debug */,
				C3E64052263B34FA00CF4AA7 /* Release */,
			);
			defaultConfigurationIsVisible = 0;
			defaultConfigurationName = Release;
		};
		C3E64053263B34FA00CF4AA7 /* Build configuration list for PBXNativeTarget "HelloWordTests" */ = {
			isa = XCConfigurationList;
			buildConfigurations = (
				C3E64054263B34FA00CF4AA7 /* Debug */,
				C3E64055263B34FA00CF4AA7 /* Release */,
			);
			defaultConfigurationIsVisible = 0;
			defaultConfigurationName = Release;
		};
		C3E64056263B34FA00CF4AA7 /* Build configuration list for PBXNativeTarget "HelloWordUITests" */ = {
			isa = XCConfigurationList;
			buildConfigurations = (
				C3E64057263B34FA00CF4AA7 /* Debug */,
				C3E64058263B34FA00CF4AA7 /* Release */,
			);
			defaultConfigurationIsVisible = 0;
			defaultConfigurationName = Release;
		};
/* End XCConfigurationList section */
	};
	rootObject = C3E64023263B34F800CF4AA7 /* Project object */;
}
